
Microsoft Visual Studio Solution File, Format Version 12.00
# Visual Studio Version 16
VisualStudioVersion = 16.0.29926.136
MinimumVisualStudioVersion = 10.0.40219.1
Project("{9A19103F-16F7-4668-BE54-9A1E7A4F7556}") = "SpendAnalyzer.Web", "SpendAnalyzer.Web\SpendAnalyzer.Web.csproj", "{A2D65D32-5030-4F8A-9641-2330CA1DF866}"
EndProject
Global
	GlobalSection(SolutionConfigurationPlatforms) = preSolution
		Debug|Any CPU = Debug|Any CPU
		Release|Any CPU = Release|Any CPU
	EndGlobalSection
	GlobalSection(ProjectConfigurationPlatforms) = postSolution
		{A2D65D32-5030-4F8A-9641-2330CA1DF866}.Debug|Any CPU.ActiveCfg = Debug|Any CPU
		{A2D65D32-5030-4F8A-9641-2330CA1DF866}.Debug|Any CPU.Build.0 = Debug|Any CPU
		{A2D65D32-5030-4F8A-9641-2330CA1DF866}.Release|Any CPU.ActiveCfg = Release|Any CPU
		{A2D65D32-5030-4F8A-9641-2330CA1DF866}.Release|Any CPU.Build.0 = Release|Any CPU
	EndGlobalSection
	GlobalSection(SolutionProperties) = preSolution
		HideSolutionNode = FALSE
	EndGlobalSection
	GlobalSection(ExtensibilityGlobals) = postSolution
		SolutionGuid = {CD16A4D4-B6D2-46C7-A033-D0405E34ADD2}
	EndGlobalSection
EndGlobal
